// !$*UTF8*$!
{
	archiveVersion = 1;
	classes = {
	};
	objectVersion = 46;
	objects = {

/* Begin PBXBuildFile section */
		0F3AD6E7E990FCA0F4F92C25 /* libPods-houzieUITests.a in Frameworks */ = {isa = PBXBuildFile; fileRef = E81C02ABC14D6215787C1262 /* libPods-houzieUITests.a */; };
		1E2814F81C6A09C700123E4E /* GoogleService-Info.plist in Resources */ = {isa = PBXBuildFile; fileRef = 1E2814F71C6A09C700123E4E /* GoogleService-Info.plist */; };
		1E2814FA1C6A39F000123E4E /* ChatController.swift in Sources */ = {isa = PBXBuildFile; fileRef = 1E2814F91C6A39F000123E4E /* ChatController.swift */; };
		1EF1BD961C6F3B6D00E134D6 /* avatar.png in Resources */ = {isa = PBXBuildFile; fileRef = 1EF1BD941C6F3B6D00E134D6 /* avatar.png */; };
		1EF1BD971C6F3B6D00E134D6 /* bot.png in Resources */ = {isa = PBXBuildFile; fileRef = 1EF1BD951C6F3B6D00E134D6 /* bot.png */; };
		8019640AD1B3913ABC9FF28D /* libPods-houzie-houzieTests.a in Frameworks */ = {isa = PBXBuildFile; fileRef = 43C334508565A78D8B4D5731 /* libPods-houzie-houzieTests.a */; };
		CBBC14A2809FB58744DF9CAE /* libPods.a in Frameworks */ = {isa = PBXBuildFile; fileRef = C119C3D0B0A0BA2A4E5B4E6B /* libPods.a */; };
		D52D5EC31C6F191700FB2D23 /* HzManager.swift in Sources */ = {isa = PBXBuildFile; fileRef = D52D5EC21C6F191700FB2D23 /* HzManager.swift */; };
		D5644DE61C68D26700DC9681 /* AppDelegate.swift in Sources */ = {isa = PBXBuildFile; fileRef = D5644DE51C68D26700DC9681 /* AppDelegate.swift */; };
		D5644DE81C68D26700DC9681 /* LoginController.swift in Sources */ = {isa = PBXBuildFile; fileRef = D5644DE71C68D26700DC9681 /* LoginController.swift */; };
		D5644DEB1C68D26700DC9681 /* Main.storyboard in Resources */ = {isa = PBXBuildFile; fileRef = D5644DE91C68D26700DC9681 /* Main.storyboard */; };
		D5644DED1C68D26700DC9681 /* Assets.xcassets in Resources */ = {isa = PBXBuildFile; fileRef = D5644DEC1C68D26700DC9681 /* Assets.xcassets */; };
		D5644DF01C68D26700DC9681 /* LaunchScreen.storyboard in Resources */ = {isa = PBXBuildFile; fileRef = D5644DEE1C68D26700DC9681 /* LaunchScreen.storyboard */; };
		D5644DFB1C68D26700DC9681 /* houzieTests.swift in Sources */ = {isa = PBXBuildFile; fileRef = D5644DFA1C68D26700DC9681 /* houzieTests.swift */; };
		D5644E061C68D26700DC9681 /* houzieUITests.swift in Sources */ = {isa = PBXBuildFile; fileRef = D5644E051C68D26700DC9681 /* houzieUITests.swift */; };
		DBACFB0969DE3BCB1C021D6E /* libPods-houzieTests.a in Frameworks */ = {isa = PBXBuildFile; fileRef = 8C53421C8774B9E8054F4DD3 /* libPods-houzieTests.a */; };
/* End PBXBuildFile section */

/* Begin PBXContainerItemProxy section */
		D5644DF71C68D26700DC9681 /* PBXContainerItemProxy */ = {
			isa = PBXContainerItemProxy;
			containerPortal = D5644DDA1C68D26700DC9681 /* Project object */;
			proxyType = 1;
			remoteGlobalIDString = D5644DE11C68D26700DC9681;
			remoteInfo = houzie;
		};
		D5644E021C68D26700DC9681 /* PBXContainerItemProxy */ = {
			isa = PBXContainerItemProxy;
			containerPortal = D5644DDA1C68D26700DC9681 /* Project object */;
			proxyType = 1;
			remoteGlobalIDString = D5644DE11C68D26700DC9681;
			remoteInfo = houzie;
		};
/* End PBXContainerItemProxy section */

/* Begin PBXFileReference section */
		0B2A13BAD5155A4B252B8D44 /* Pods-houzieTests.release.xcconfig */ = {isa = PBXFileReference; includeInIndex = 1; lastKnownFileType = text.xcconfig; name = "Pods-houzieTests.release.xcconfig"; path = "Pods/Target Support Files/Pods-houzieTests/Pods-houzieTests.release.xcconfig"; sourceTree = "<group>"; };
		1E2814F71C6A09C700123E4E /* GoogleService-Info.plist */ = {isa = PBXFileReference; fileEncoding = 4; lastKnownFileType = text.plist.xml; path = "GoogleService-Info.plist"; sourceTree = "<group>"; };
		1E2814F91C6A39F000123E4E /* ChatController.swift */ = {isa = PBXFileReference; fileEncoding = 4; lastKnownFileType = sourcecode.swift; path = ChatController.swift; sourceTree = "<group>"; };
		1EC4A1371C69A37E0097EDE5 /* Bridging-Header.h */ = {isa = PBXFileReference; lastKnownFileType = sourcecode.c.h; path = "Bridging-Header.h"; sourceTree = "<group>"; };
		1EF1BD941C6F3B6D00E134D6 /* avatar.png */ = {isa = PBXFileReference; lastKnownFileType = image.png; name = avatar.png; path = Images/avatar.png; sourceTree = "<group>"; };
		1EF1BD951C6F3B6D00E134D6 /* bot.png */ = {isa = PBXFileReference; lastKnownFileType = image.png; name = bot.png; path = Images/bot.png; sourceTree = "<group>"; };
		43C334508565A78D8B4D5731 /* libPods-houzie-houzieTests.a */ = {isa = PBXFileReference; explicitFileType = archive.ar; includeInIndex = 0; path = "libPods-houzie-houzieTests.a"; sourceTree = BUILT_PRODUCTS_DIR; };
		61BADFF4B1375816A9DC4618 /* Pods-houzieTests.debug.xcconfig */ = {isa = PBXFileReference; includeInIndex = 1; lastKnownFileType = text.xcconfig; name = "Pods-houzieTests.debug.xcconfig"; path = "Pods/Target Support Files/Pods-houzieTests/Pods-houzieTests.debug.xcconfig"; sourceTree = "<group>"; };
		80060192BBBA35A06621A4DB /* Pods.debug.xcconfig */ = {isa = PBXFileReference; includeInIndex = 1; lastKnownFileType = text.xcconfig; name = Pods.debug.xcconfig; path = "Pods/Target Support Files/Pods/Pods.debug.xcconfig"; sourceTree = "<group>"; };
		8AC6AC057784362F697EB00C /* Pods.release.xcconfig */ = {isa = PBXFileReference; includeInIndex = 1; lastKnownFileType = text.xcconfig; name = Pods.release.xcconfig; path = "Pods/Target Support Files/Pods/Pods.release.xcconfig"; sourceTree = "<group>"; };
		8C53421C8774B9E8054F4DD3 /* libPods-houzieTests.a */ = {isa = PBXFileReference; explicitFileType = archive.ar; includeInIndex = 0; path = "libPods-houzieTests.a"; sourceTree = BUILT_PRODUCTS_DIR; };
		AADD8A99E1981C7DAEDC4738 /* Pods-houzie-houzieTests.debug.xcconfig */ = {isa = PBXFileReference; includeInIndex = 1; lastKnownFileType = text.xcconfig; name = "Pods-houzie-houzieTests.debug.xcconfig"; path = "Pods/Target Support Files/Pods-houzie-houzieTests/Pods-houzie-houzieTests.debug.xcconfig"; sourceTree = "<group>"; };
		ACC1F4C0043EEF9ABFBDA5E0 /* Pods-houzieUITests.release.xcconfig */ = {isa = PBXFileReference; includeInIndex = 1; lastKnownFileType = text.xcconfig; name = "Pods-houzieUITests.release.xcconfig"; path = "Pods/Target Support Files/Pods-houzieUITests/Pods-houzieUITests.release.xcconfig"; sourceTree = "<group>"; };
		AF5ABDBC629384F8D3E27664 /* Pods-houzie-houzieTests.release.xcconfig */ = {isa = PBXFileReference; includeInIndex = 1; lastKnownFileType = text.xcconfig; name = "Pods-houzie-houzieTests.release.xcconfig"; path = "Pods/Target Support Files/Pods-houzie-houzieTests/Pods-houzie-houzieTests.release.xcconfig"; sourceTree = "<group>"; };
		C119C3D0B0A0BA2A4E5B4E6B /* libPods.a */ = {isa = PBXFileReference; explicitFileType = archive.ar; includeInIndex = 0; path = libPods.a; sourceTree = BUILT_PRODUCTS_DIR; };
		C684876F3BF3781A04A6112C /* Pods-houzieUITests.debug.xcconfig */ = {isa = PBXFileReference; includeInIndex = 1; lastKnownFileType = text.xcconfig; name = "Pods-houzieUITests.debug.xcconfig"; path = "Pods/Target Support Files/Pods-houzieUITests/Pods-houzieUITests.debug.xcconfig"; sourceTree = "<group>"; };
		D52D5EC21C6F191700FB2D23 /* HzManager.swift */ = {isa = PBXFileReference; fileEncoding = 4; lastKnownFileType = sourcecode.swift; path = HzManager.swift; sourceTree = "<group>"; };
		D5644DE21C68D26700DC9681 /* houzie.app */ = {isa = PBXFileReference; explicitFileType = wrapper.application; includeInIndex = 0; path = houzie.app; sourceTree = BUILT_PRODUCTS_DIR; };
		D5644DE51C68D26700DC9681 /* AppDelegate.swift */ = {isa = PBXFileReference; lastKnownFileType = sourcecode.swift; path = AppDelegate.swift; sourceTree = "<group>"; };
		D5644DE71C68D26700DC9681 /* LoginController.swift */ = {isa = PBXFileReference; lastKnownFileType = sourcecode.swift; path = LoginController.swift; sourceTree = "<group>"; };
		D5644DEA1C68D26700DC9681 /* Base */ = {isa = PBXFileReference; lastKnownFileType = file.storyboard; name = Base; path = Base.lproj/Main.storyboard; sourceTree = "<group>"; };
		D5644DEC1C68D26700DC9681 /* Assets.xcassets */ = {isa = PBXFileReference; lastKnownFileType = folder.assetcatalog; path = Assets.xcassets; sourceTree = "<group>"; };
		D5644DEF1C68D26700DC9681 /* Base */ = {isa = PBXFileReference; lastKnownFileType = file.storyboard; name = Base; path = Base.lproj/LaunchScreen.storyboard; sourceTree = "<group>"; };
		D5644DF11C68D26700DC9681 /* Info.plist */ = {isa = PBXFileReference; lastKnownFileType = text.plist.xml; path = Info.plist; sourceTree = "<group>"; };
		D5644DF61C68D26700DC9681 /* houzieTests.xctest */ = {isa = PBXFileReference; explicitFileType = wrapper.cfbundle; includeInIndex = 0; path = houzieTests.xctest; sourceTree = BUILT_PRODUCTS_DIR; };
		D5644DFA1C68D26700DC9681 /* houzieTests.swift */ = {isa = PBXFileReference; lastKnownFileType = sourcecode.swift; path = houzieTests.swift; sourceTree = "<group>"; };
		D5644DFC1C68D26700DC9681 /* Info.plist */ = {isa = PBXFileReference; lastKnownFileType = text.plist.xml; path = Info.plist; sourceTree = "<group>"; };
		D5644E011C68D26700DC9681 /* houzieUITests.xctest */ = {isa = PBXFileReference; explicitFileType = wrapper.cfbundle; includeInIndex = 0; path = houzieUITests.xctest; sourceTree = BUILT_PRODUCTS_DIR; };
		D5644E051C68D26700DC9681 /* houzieUITests.swift */ = {isa = PBXFileReference; lastKnownFileType = sourcecode.swift; path = houzieUITests.swift; sourceTree = "<group>"; };
		D5644E071C68D26700DC9681 /* Info.plist */ = {isa = PBXFileReference; lastKnownFileType = text.plist.xml; path = Info.plist; sourceTree = "<group>"; };
		D6B9076D280ED370034FE223 /* libPods-houzie.a */ = {isa = PBXFileReference; explicitFileType = archive.ar; includeInIndex = 0; path = "libPods-houzie.a"; sourceTree = BUILT_PRODUCTS_DIR; };
		E81C02ABC14D6215787C1262 /* libPods-houzieUITests.a */ = {isa = PBXFileReference; explicitFileType = archive.ar; includeInIndex = 0; path = "libPods-houzieUITests.a"; sourceTree = BUILT_PRODUCTS_DIR; };
/* End PBXFileReference section */

/* Begin PBXFrameworksBuildPhase section */
		D5644DDF1C68D26700DC9681 /* Frameworks */ = {
			isa = PBXFrameworksBuildPhase;
			buildActionMask = 2147483647;
			files = (
				CBBC14A2809FB58744DF9CAE /* libPods.a in Frameworks */,
			);
			runOnlyForDeploymentPostprocessing = 0;
		};
		D5644DF31C68D26700DC9681 /* Frameworks */ = {
			isa = PBXFrameworksBuildPhase;
			buildActionMask = 2147483647;
			files = (
				8019640AD1B3913ABC9FF28D /* libPods-houzie-houzieTests.a in Frameworks */,
				DBACFB0969DE3BCB1C021D6E /* libPods-houzieTests.a in Frameworks */,
			);
			runOnlyForDeploymentPostprocessing = 0;
		};
		D5644DFE1C68D26700DC9681 /* Frameworks */ = {
			isa = PBXFrameworksBuildPhase;
			buildActionMask = 2147483647;
			files = (
				0F3AD6E7E990FCA0F4F92C25 /* libPods-houzieUITests.a in Frameworks */,
			);
			runOnlyForDeploymentPostprocessing = 0;
		};
/* End PBXFrameworksBuildPhase section */

/* Begin PBXGroup section */
		1E5424D01C6F020B0067DE26 /* Images */ = {
			isa = PBXGroup;
			children = (
				1EF1BD941C6F3B6D00E134D6 /* avatar.png */,
				1EF1BD951C6F3B6D00E134D6 /* bot.png */,
			);
			name = Images;
			sourceTree = "<group>";
		};
		2556AC32C5CCFDF646025074 /* Pods */ = {
			isa = PBXGroup;
			children = (
				80060192BBBA35A06621A4DB /* Pods.debug.xcconfig */,
				8AC6AC057784362F697EB00C /* Pods.release.xcconfig */,
				AADD8A99E1981C7DAEDC4738 /* Pods-houzie-houzieTests.debug.xcconfig */,
				AF5ABDBC629384F8D3E27664 /* Pods-houzie-houzieTests.release.xcconfig */,
				C684876F3BF3781A04A6112C /* Pods-houzieUITests.debug.xcconfig */,
				ACC1F4C0043EEF9ABFBDA5E0 /* Pods-houzieUITests.release.xcconfig */,
				61BADFF4B1375816A9DC4618 /* Pods-houzieTests.debug.xcconfig */,
				0B2A13BAD5155A4B252B8D44 /* Pods-houzieTests.release.xcconfig */,
			);
			name = Pods;
			sourceTree = "<group>";
		};
		572872CD2D6CF7C5A9DE5A57 /* Frameworks */ = {
			isa = PBXGroup;
			children = (
				D6B9076D280ED370034FE223 /* libPods-houzie.a */,
				43C334508565A78D8B4D5731 /* libPods-houzie-houzieTests.a */,
				C119C3D0B0A0BA2A4E5B4E6B /* libPods.a */,
				E81C02ABC14D6215787C1262 /* libPods-houzieUITests.a */,
				8C53421C8774B9E8054F4DD3 /* libPods-houzieTests.a */,
			);
			name = Frameworks;
			sourceTree = "<group>";
		};
		D5644DD91C68D26700DC9681 = {
			isa = PBXGroup;
			children = (
				D5644DE41C68D26700DC9681 /* houzie */,
				D5644DF91C68D26700DC9681 /* houzieTests */,
				D5644E041C68D26700DC9681 /* houzieUITests */,
				D5644DE31C68D26700DC9681 /* Products */,
				2556AC32C5CCFDF646025074 /* Pods */,
				572872CD2D6CF7C5A9DE5A57 /* Frameworks */,
			);
			sourceTree = "<group>";
		};
		D5644DE31C68D26700DC9681 /* Products */ = {
			isa = PBXGroup;
			children = (
				D5644DE21C68D26700DC9681 /* houzie.app */,
				D5644DF61C68D26700DC9681 /* houzieTests.xctest */,
				D5644E011C68D26700DC9681 /* houzieUITests.xctest */,
			);
			name = Products;
			sourceTree = "<group>";
		};
		D5644DE41C68D26700DC9681 /* houzie */ = {
			isa = PBXGroup;
			children = (
				1E5424D01C6F020B0067DE26 /* Images */,
				1E2814F71C6A09C700123E4E /* GoogleService-Info.plist */,
				D5644DE51C68D26700DC9681 /* AppDelegate.swift */,
				D5644DE71C68D26700DC9681 /* LoginController.swift */,
				1E2814F91C6A39F000123E4E /* ChatController.swift */,
				1EC4A1371C69A37E0097EDE5 /* Bridging-Header.h */,
				D5644DE91C68D26700DC9681 /* Main.storyboard */,
				D5644DEC1C68D26700DC9681 /* Assets.xcassets */,
				D5644DEE1C68D26700DC9681 /* LaunchScreen.storyboard */,
				D5644DF11C68D26700DC9681 /* Info.plist */,
				D52D5EC21C6F191700FB2D23 /* HzManager.swift */,
			);
			path = houzie;
			sourceTree = "<group>";
		};
		D5644DF91C68D26700DC9681 /* houzieTests */ = {
			isa = PBXGroup;
			children = (
				D5644DFA1C68D26700DC9681 /* houzieTests.swift */,
				D5644DFC1C68D26700DC9681 /* Info.plist */,
			);
			path = houzieTests;
			sourceTree = "<group>";
		};
		D5644E041C68D26700DC9681 /* houzieUITests */ = {
			isa = PBXGroup;
			children = (
				D5644E051C68D26700DC9681 /* houzieUITests.swift */,
				D5644E071C68D26700DC9681 /* Info.plist */,
			);
			path = houzieUITests;
			sourceTree = "<group>";
		};
/* End PBXGroup section */

/* Begin PBXNativeTarget section */
		D5644DE11C68D26700DC9681 /* houzie */ = {
			isa = PBXNativeTarget;
			buildConfigurationList = D5644E0A1C68D26700DC9681 /* Build configuration list for PBXNativeTarget "houzie" */;
			buildPhases = (
				0F66D62361276FA4DA1A5257 /* Check Pods Manifest.lock */,
				D5644DDE1C68D26700DC9681 /* Sources */,
				D5644DDF1C68D26700DC9681 /* Frameworks */,
				D5644DE01C68D26700DC9681 /* Resources */,
				C96EE592A53CF824D3BB05CB /* Embed Pods Frameworks */,
				7D6EF928D4A7A64BF1CD4C92 /* Copy Pods Resources */,
			);
			buildRules = (
			);
			dependencies = (
			);
			name = houzie;
			productName = houzie;
			productReference = D5644DE21C68D26700DC9681 /* houzie.app */;
			productType = "com.apple.product-type.application";
		};
		D5644DF51C68D26700DC9681 /* houzieTests */ = {
			isa = PBXNativeTarget;
			buildConfigurationList = D5644E0D1C68D26700DC9681 /* Build configuration list for PBXNativeTarget "houzieTests" */;
			buildPhases = (
				7D8831A9E747CCAF353BF873 /* Check Pods Manifest.lock */,
				D5644DF21C68D26700DC9681 /* Sources */,
				D5644DF31C68D26700DC9681 /* Frameworks */,
				D5644DF41C68D26700DC9681 /* Resources */,
				F3CB1E2613E371E6ADEC7A2F /* Embed Pods Frameworks */,
				BEB1C6CDEE179F19871E7AC9 /* Copy Pods Resources */,
			);
			buildRules = (
			);
			dependencies = (
				D5644DF81C68D26700DC9681 /* PBXTargetDependency */,
			);
			name = houzieTests;
			productName = houzieTests;
			productReference = D5644DF61C68D26700DC9681 /* houzieTests.xctest */;
			productType = "com.apple.product-type.bundle.unit-test";
		};
		D5644E001C68D26700DC9681 /* houzieUITests */ = {
			isa = PBXNativeTarget;
			buildConfigurationList = D5644E101C68D26700DC9681 /* Build configuration list for PBXNativeTarget "houzieUITests" */;
			buildPhases = (
				A99FE6F91F381C323E818F18 /* Check Pods Manifest.lock */,
				D5644DFD1C68D26700DC9681 /* Sources */,
				D5644DFE1C68D26700DC9681 /* Frameworks */,
				D5644DFF1C68D26700DC9681 /* Resources */,
				CCB43FF1E58FCCE84289BEA1 /* Copy Pods Resources */,
			);
			buildRules = (
			);
			dependencies = (
				D5644E031C68D26700DC9681 /* PBXTargetDependency */,
			);
			name = houzieUITests;
			productName = houzieUITests;
			productReference = D5644E011C68D26700DC9681 /* houzieUITests.xctest */;
			productType = "com.apple.product-type.bundle.ui-testing";
		};
/* End PBXNativeTarget section */

/* Begin PBXProject section */
		D5644DDA1C68D26700DC9681 /* Project object */ = {
			isa = PBXProject;
			attributes = {
				LastSwiftUpdateCheck = 0720;
				LastUpgradeCheck = 0720;
				ORGANIZATIONNAME = roomtech;
				TargetAttributes = {
					D5644DE11C68D26700DC9681 = {
						CreatedOnToolsVersion = 7.2.1;
					};
					D5644DF51C68D26700DC9681 = {
						CreatedOnToolsVersion = 7.2.1;
						TestTargetID = D5644DE11C68D26700DC9681;
					};
					D5644E001C68D26700DC9681 = {
						CreatedOnToolsVersion = 7.2.1;
						TestTargetID = D5644DE11C68D26700DC9681;
					};
				};
			};
			buildConfigurationList = D5644DDD1C68D26700DC9681 /* Build configuration list for PBXProject "houzie" */;
			compatibilityVersion = "Xcode 3.2";
			developmentRegion = English;
			hasScannedForEncodings = 0;
			knownRegions = (
				en,
				Base,
			);
			mainGroup = D5644DD91C68D26700DC9681;
			productRefGroup = D5644DE31C68D26700DC9681 /* Products */;
			projectDirPath = "";
			projectRoot = "";
			targets = (
				D5644DE11C68D26700DC9681 /* houzie */,
				D5644DF51C68D26700DC9681 /* houzieTests */,
				D5644E001C68D26700DC9681 /* houzieUITests */,
			);
		};
/* End PBXProject section */

/* Begin PBXResourcesBuildPhase section */
		D5644DE01C68D26700DC9681 /* Resources */ = {
			isa = PBXResourcesBuildPhase;
			buildActionMask = 2147483647;
			files = (
				D5644DF01C68D26700DC9681 /* LaunchScreen.storyboard in Resources */,
				1EF1BD961C6F3B6D00E134D6 /* avatar.png in Resources */,
				1E2814F81C6A09C700123E4E /* GoogleService-Info.plist in Resources */,
				1EF1BD971C6F3B6D00E134D6 /* bot.png in Resources */,
				D5644DED1C68D26700DC9681 /* Assets.xcassets in Resources */,
				D5644DEB1C68D26700DC9681 /* Main.storyboard in Resources */,
			);
			runOnlyForDeploymentPostprocessing = 0;
		};
		D5644DF41C68D26700DC9681 /* Resources */ = {
			isa = PBXResourcesBuildPhase;
			buildActionMask = 2147483647;
			files = (
			);
			runOnlyForDeploymentPostprocessing = 0;
		};
		D5644DFF1C68D26700DC9681 /* Resources */ = {
			isa = PBXResourcesBuildPhase;
			buildActionMask = 2147483647;
			files = (
			);
			runOnlyForDeploymentPostprocessing = 0;
		};
/* End PBXResourcesBuildPhase section */

/* Begin PBXShellScriptBuildPhase section */
		0F66D62361276FA4DA1A5257 /* Check Pods Manifest.lock */ = {
			isa = PBXShellScriptBuildPhase;
			buildActionMask = 2147483647;
			files = (
			);
			inputPaths = (
			);
			name = "Check Pods Manifest.lock";
			outputPaths = (
			);
			runOnlyForDeploymentPostprocessing = 0;
			shellPath = /bin/sh;
			shellScript = "diff \"${PODS_ROOT}/../Podfile.lock\" \"${PODS_ROOT}/Manifest.lock\" > /dev/null\nif [[ $? != 0 ]] ; then\n    cat << EOM\nerror: The sandbox is not in sync with the Podfile.lock. Run 'pod install' or update your CocoaPods installation.\nEOM\n    exit 1\nfi\n";
			showEnvVarsInLog = 0;
		};
		7D6EF928D4A7A64BF1CD4C92 /* Copy Pods Resources */ = {
			isa = PBXShellScriptBuildPhase;
			buildActionMask = 2147483647;
			files = (
			);
			inputPaths = (
			);
			name = "Copy Pods Resources";
			outputPaths = (
			);
			runOnlyForDeploymentPostprocessing = 0;
			shellPath = /bin/sh;
			shellScript = "\"${SRCROOT}/Pods/Target Support Files/Pods/Pods-resources.sh\"\n";
			showEnvVarsInLog = 0;
		};
		7D8831A9E747CCAF353BF873 /* Check Pods Manifest.lock */ = {
			isa = PBXShellScriptBuildPhase;
			buildActionMask = 2147483647;
			files = (
			);
			inputPaths = (
			);
			name = "Check Pods Manifest.lock";
			outputPaths = (
			);
			runOnlyForDeploymentPostprocessing = 0;
			shellPath = /bin/sh;
			shellScript = "diff \"${PODS_ROOT}/../Podfile.lock\" \"${PODS_ROOT}/Manifest.lock\" > /dev/null\nif [[ $? != 0 ]] ; then\n    cat << EOM\nerror: The sandbox is not in sync with the Podfile.lock. Run 'pod install' or update your CocoaPods installation.\nEOM\n    exit 1\nfi\n";
			showEnvVarsInLog = 0;
		};
		A99FE6F91F381C323E818F18 /* Check Pods Manifest.lock */ = {
			isa = PBXShellScriptBuildPhase;
			buildActionMask = 2147483647;
			files = (
			);
			inputPaths = (
			);
			name = "Check Pods Manifest.lock";
			outputPaths = (
			);
			runOnlyForDeploymentPostprocessing = 0;
			shellPath = /bin/sh;
			shellScript = "diff \"${PODS_ROOT}/../Podfile.lock\" \"${PODS_ROOT}/Manifest.lock\" > /dev/null\nif [[ $? != 0 ]] ; then\n    cat << EOM\nerror: The sandbox is not in sync with the Podfile.lock. Run 'pod install' or update your CocoaPods installation.\nEOM\n    exit 1\nfi\n";
			showEnvVarsInLog = 0;
		};
		BEB1C6CDEE179F19871E7AC9 /* Copy Pods Resources */ = {
			isa = PBXShellScriptBuildPhase;
			buildActionMask = 2147483647;
			files = (
			);
			inputPaths = (
			);
			name = "Copy Pods Resources";
			outputPaths = (
			);
			runOnlyForDeploymentPostprocessing = 0;
			shellPath = /bin/sh;
			shellScript = "\"${SRCROOT}/Pods/Target Support Files/Pods-houzieTests/Pods-houzieTests-resources.sh\"\n";
			showEnvVarsInLog = 0;
		};
		C96EE592A53CF824D3BB05CB /* Embed Pods Frameworks */ = {
			isa = PBXShellScriptBuildPhase;
			buildActionMask = 2147483647;
			files = (
			);
			inputPaths = (
			);
			name = "Embed Pods Frameworks";
			outputPaths = (
			);
			runOnlyForDeploymentPostprocessing = 0;
			shellPath = /bin/sh;
			shellScript = "\"${SRCROOT}/Pods/Target Support Files/Pods/Pods-frameworks.sh\"\n";
			showEnvVarsInLog = 0;
		};
		CCB43FF1E58FCCE84289BEA1 /* Copy Pods Resources */ = {
			isa = PBXShellScriptBuildPhase;
			buildActionMask = 2147483647;
			files = (
			);
			inputPaths = (
			);
			name = "Copy Pods Resources";
			outputPaths = (
			);
			runOnlyForDeploymentPostprocessing = 0;
			shellPath = /bin/sh;
			shellScript = "\"${SRCROOT}/Pods/Target Support Files/Pods-houzieUITests/Pods-houzieUITests-resources.sh\"\n";
			showEnvVarsInLog = 0;
		};
		F3CB1E2613E371E6ADEC7A2F /* Embed Pods Frameworks */ = {
			isa = PBXShellScriptBuildPhase;
			buildActionMask = 2147483647;
			files = (
			);
			inputPaths = (
			);
			name = "Embed Pods Frameworks";
			outputPaths = (
			);
			runOnlyForDeploymentPostprocessing = 0;
			shellPath = /bin/sh;
			shellScript = "\"${SRCROOT}/Pods/Target Support Files/Pods-houzieTests/Pods-houzieTests-frameworks.sh\"\n";
			showEnvVarsInLog = 0;
		};
/* End PBXShellScriptBuildPhase section */

/* Begin PBXSourcesBuildPhase section */
		D5644DDE1C68D26700DC9681 /* Sources */ = {
			isa = PBXSourcesBuildPhase;
			buildActionMask = 2147483647;
			files = (
				D5644DE81C68D26700DC9681 /* LoginController.swift in Sources */,
				D5644DE61C68D26700DC9681 /* AppDelegate.swift in Sources */,
				1E2814FA1C6A39F000123E4E /* ChatController.swift in Sources */,
				D52D5EC31C6F191700FB2D23 /* HzManager.swift in Sources */,
			);
			runOnlyForDeploymentPostprocessing = 0;
		};
		D5644DF21C68D26700DC9681 /* Sources */ = {
			isa = PBXSourcesBuildPhase;
			buildActionMask = 2147483647;
			files = (
				D5644DFB1C68D26700DC9681 /* houzieTests.swift in Sources */,
			);
			runOnlyForDeploymentPostprocessing = 0;
		};
		D5644DFD1C68D26700DC9681 /* Sources */ = {
			isa = PBXSourcesBuildPhase;
			buildActionMask = 2147483647;
			files = (
				D5644E061C68D26700DC9681 /* houzieUITests.swift in Sources */,
			);
			runOnlyForDeploymentPostprocessing = 0;
		};
/* End PBXSourcesBuildPhase section */

/* Begin PBXTargetDependency section */
		D5644DF81C68D26700DC9681 /* PBXTargetDependency */ = {
			isa = PBXTargetDependency;
			target = D5644DE11C68D26700DC9681 /* houzie */;
			targetProxy = D5644DF71C68D26700DC9681 /* PBXContainerItemProxy */;
		};
		D5644E031C68D26700DC9681 /* PBXTargetDependency */ = {
			isa = PBXTargetDependency;
			target = D5644DE11C68D26700DC9681 /* houzie */;
			targetProxy = D5644E021C68D26700DC9681 /* PBXContainerItemProxy */;
		};
/* End PBXTargetDependency section */

/* Begin PBXVariantGroup section */
		D5644DE91C68D26700DC9681 /* Main.storyboard */ = {
			isa = PBXVariantGroup;
			children = (
				D5644DEA1C68D26700DC9681 /* Base */,
			);
			name = Main.storyboard;
			sourceTree = "<group>";
		};
		D5644DEE1C68D26700DC9681 /* LaunchScreen.storyboard */ = {
			isa = PBXVariantGroup;
			children = (
				D5644DEF1C68D26700DC9681 /* Base */,
			);
			name = LaunchScreen.storyboard;
			sourceTree = "<group>";
		};
/* End PBXVariantGroup section */

/* Begin XCBuildConfiguration section */
		D5644E081C68D26700DC9681 /* Debug */ = {
			isa = XCBuildConfiguration;
			buildSettings = {
				ALWAYS_SEARCH_USER_PATHS = NO;
				CLANG_CXX_LANGUAGE_STANDARD = "gnu++0x";
				CLANG_CXX_LIBRARY = "libc++";
				CLANG_ENABLE_MODULES = YES;
				CLANG_ENABLE_OBJC_ARC = YES;
				CLANG_WARN_BOOL_CONVERSION = YES;
				CLANG_WARN_CONSTANT_CONVERSION = YES;
				CLANG_WARN_DIRECT_OBJC_ISA_USAGE = YES_ERROR;
				CLANG_WARN_EMPTY_BODY = YES;
				CLANG_WARN_ENUM_CONVERSION = YES;
				CLANG_WARN_INT_CONVERSION = YES;
				CLANG_WARN_OBJC_ROOT_CLASS = YES_ERROR;
				CLANG_WARN_UNREACHABLE_CODE = YES;
				CLANG_WARN__DUPLICATE_METHOD_MATCH = YES;
				"CODE_SIGN_IDENTITY[sdk=iphoneos*]" = "iPhone Developer";
				COPY_PHASE_STRIP = NO;
				DEBUG_INFORMATION_FORMAT = dwarf;
				ENABLE_STRICT_OBJC_MSGSEND = YES;
				ENABLE_TESTABILITY = YES;
				GCC_C_LANGUAGE_STANDARD = gnu99;
				GCC_DYNAMIC_NO_PIC = NO;
				GCC_NO_COMMON_BLOCKS = YES;
				GCC_OPTIMIZATION_LEVEL = 0;
				GCC_PREPROCESSOR_DEFINITIONS = (
					"DEBUG=1",
					"$(inherited)",
				);
				GCC_WARN_64_TO_32_BIT_CONVERSION = YES;
				GCC_WARN_ABOUT_RETURN_TYPE = YES_ERROR;
				GCC_WARN_UNDECLARED_SELECTOR = YES;
				GCC_WARN_UNINITIALIZED_AUTOS = YES_AGGRESSIVE;
				GCC_WARN_UNUSED_FUNCTION = YES;
				GCC_WARN_UNUSED_VARIABLE = YES;
				IPHONEOS_DEPLOYMENT_TARGET = 9.2;
				MTL_ENABLE_DEBUG_INFO = YES;
				ONLY_ACTIVE_ARCH = YES;
				SDKROOT = iphoneos;
				SWIFT_OPTIMIZATION_LEVEL = "-Onone";
			};
			name = Debug;
		};
		D5644E091C68D26700DC9681 /* Release */ = {
			isa = XCBuildConfiguration;
			buildSettings = {
				ALWAYS_SEARCH_USER_PATHS = NO;
				CLANG_CXX_LANGUAGE_STANDARD = "gnu++0x";
				CLANG_CXX_LIBRARY = "libc++";
				CLANG_ENABLE_MODULES = YES;
				CLANG_ENABLE_OBJC_ARC = YES;
				CLANG_WARN_BOOL_CONVERSION = YES;
				CLANG_WARN_CONSTANT_CONVERSION = YES;
				CLANG_WARN_DIRECT_OBJC_ISA_USAGE = YES_ERROR;
				CLANG_WARN_EMPTY_BODY = YES;
				CLANG_WARN_ENUM_CONVERSION = YES;
				CLANG_WARN_INT_CONVERSION = YES;
				CLANG_WARN_OBJC_ROOT_CLASS = YES_ERROR;
				CLANG_WARN_UNREACHABLE_CODE = YES;
				CLANG_WARN__DUPLICATE_METHOD_MATCH = YES;
				"CODE_SIGN_IDENTITY[sdk=iphoneos*]" = "iPhone Developer";
				COPY_PHASE_STRIP = NO;
				DEBUG_INFORMATION_FORMAT = "dwarf-with-dsym";
				ENABLE_NS_ASSERTIONS = NO;
				ENABLE_STRICT_OBJC_MSGSEND = YES;
				GCC_C_LANGUAGE_STANDARD = gnu99;
				GCC_NO_COMMON_BLOCKS = YES;
				GCC_WARN_64_TO_32_BIT_CONVERSION = YES;
				GCC_WARN_ABOUT_RETURN_TYPE = YES_ERROR;
				GCC_WARN_UNDECLARED_SELECTOR = YES;
				GCC_WARN_UNINITIALIZED_AUTOS = YES_AGGRESSIVE;
				GCC_WARN_UNUSED_FUNCTION = YES;
				GCC_WARN_UNUSED_VARIABLE = YES;
				IPHONEOS_DEPLOYMENT_TARGET = 9.2;
				MTL_ENABLE_DEBUG_INFO = NO;
				SDKROOT = iphoneos;
				VALIDATE_PRODUCT = YES;
			};
			name = Release;
		};
		D5644E0B1C68D26700DC9681 /* Debug */ = {
			isa = XCBuildConfiguration;
			baseConfigurationReference = 80060192BBBA35A06621A4DB /* Pods.debug.xcconfig */;
			buildSettings = {
				ASSETCATALOG_COMPILER_APPICON_NAME = AppIcon;
				INFOPLIST_FILE = houzie/Info.plist;
				LD_RUNPATH_SEARCH_PATHS = "$(inherited) @executable_path/Frameworks";
				PRODUCT_BUNDLE_IDENTIFIER = com.roomtech.houzie;
				PRODUCT_NAME = "$(TARGET_NAME)";
				SWIFT_OBJC_BRIDGING_HEADER = "houzie/Bridging-Header.h";
			};
			name = Debug;
		};
		D5644E0C1C68D26700DC9681 /* Release */ = {
			isa = XCBuildConfiguration;
			baseConfigurationReference = 8AC6AC057784362F697EB00C /* Pods.release.xcconfig */;
			buildSettings = {
				ASSETCATALOG_COMPILER_APPICON_NAME = AppIcon;
				INFOPLIST_FILE = houzie/Info.plist;
				LD_RUNPATH_SEARCH_PATHS = "$(inherited) @executable_path/Frameworks";
				PRODUCT_BUNDLE_IDENTIFIER = com.roomtech.houzie;
				PRODUCT_NAME = "$(TARGET_NAME)";
				SWIFT_OBJC_BRIDGING_HEADER = "houzie/Bridging-Header.h";
			};
			name = Release;
		};
		D5644E0E1C68D26700DC9681 /* Debug */ = {
			isa = XCBuildConfiguration;
			baseConfigurationReference = 61BADFF4B1375816A9DC4618 /* Pods-houzieTests.debug.xcconfig */;
			buildSettings = {
				BUNDLE_LOADER = "$(TEST_HOST)";
				INFOPLIST_FILE = houzieTests/Info.plist;
				LD_RUNPATH_SEARCH_PATHS = "$(inherited) @executable_path/Frameworks @loader_path/Frameworks";
				PRODUCT_BUNDLE_IDENTIFIER = com.roomtech.houzieTests;
				PRODUCT_NAME = "$(TARGET_NAME)";
				TEST_HOST = "$(BUILT_PRODUCTS_DIR)/houzie.app/houzie";
			};
			name = Debug;
		};
		D5644E0F1C68D26700DC9681 /* Release */ = {
			isa = XCBuildConfiguration;
			baseConfigurationReference = 0B2A13BAD5155A4B252B8D44 /* Pods-houzieTests.release.xcconfig */;
			buildSettings = {
				BUNDLE_LOADER = "$(TEST_HOST)";
				INFOPLIST_FILE = houzieTests/Info.plist;
				LD_RUNPATH_SEARCH_PATHS = "$(inherited) @executable_path/Frameworks @loader_path/Frameworks";
				PRODUCT_BUNDLE_IDENTIFIER = com.roomtech.houzieTests;
				PRODUCT_NAME = "$(TARGET_NAME)";
				TEST_HOST = "$(BUILT_PRODUCTS_DIR)/houzie.app/houzie";
			};
			name = Release;
		};
		D5644E111C68D26700DC9681 /* Debug */ = {
			isa = XCBuildConfiguration;
			baseConfigurationReference = C684876F3BF3781A04A6112C /* Pods-houzieUITests.debug.xcconfig */;
			buildSettings = {
				INFOPLIST_FILE = houzieUITests/Info.plist;
				LD_RUNPATH_SEARCH_PATHS = "$(inherited) @executable_path/Frameworks @loader_path/Frameworks";
				PRODUCT_BUNDLE_IDENTIFIER = com.roomtech.houzieUITests;
				PRODUCT_NAME = "$(TARGET_NAME)";
				TEST_TARGET_NAME = houzie;
				USES_XCTRUNNER = YES;
			};
			name = Debug;
		};
		D5644E121C68D26700DC9681 /* Release */ = {
			isa = XCBuildConfiguration;
			baseConfigurationReference = ACC1F4C0043EEF9ABFBDA5E0 /* Pods-houzieUITests.release.xcconfig */;
			buildSettings = {
				INFOPLIST_FILE = houzieUITests/Info.plist;
				LD_RUNPATH_SEARCH_PATHS = "$(inherited) @executable_path/Frameworks @loader_path/Frameworks";
				PRODUCT_BUNDLE_IDENTIFIER = com.roomtech.houzieUITests;
				PRODUCT_NAME = "$(TARGET_NAME)";
				TEST_TARGET_NAME = houzie;
				USES_XCTRUNNER = YES;
			};
			name = Release;
		};
/* End XCBuildConfiguration section */

/* Begin XCConfigurationList section */
		D5644DDD1C68D26700DC9681 /* Build configuration list for PBXProject "houzie" */ = {
			isa = XCConfigurationList;
			buildConfigurations = (
				D5644E081C68D26700DC9681 /* Debug */,
				D5644E091C68D26700DC9681 /* Release */,
			);
			defaultConfigurationIsVisible = 0;
			defaultConfigurationName = Release;
		};
		D5644E0A1C68D26700DC9681 /* Build configuration list for PBXNativeTarget "houzie" */ = {
			isa = XCConfigurationList;
			buildConfigurations = (
				D5644E0B1C68D26700DC9681 /* Debug */,
				D5644E0C1C68D26700DC9681 /* Release */,
			);
			defaultConfigurationIsVisible = 0;
			defaultConfigurationName = Release;
		};
		D5644E0D1C68D26700DC9681 /* Build configuration list for PBXNativeTarget "houzieTests" */ = {
			isa = XCConfigurationList;
			buildConfigurations = (
				D5644E0E1C68D26700DC9681 /* Debug */,
				D5644E0F1C68D26700DC9681 /* Release */,
			);
			defaultConfigurationIsVisible = 0;
			defaultConfigurationName = Release;
		};
		D5644E101C68D26700DC9681 /* Build configuration list for PBXNativeTarget "houzieUITests" */ = {
			isa = XCConfigurationList;
			buildConfigurations = (
				D5644E111C68D26700DC9681 /* Debug */,
				D5644E121C68D26700DC9681 /* Release */,
			);
			defaultConfigurationIsVisible = 0;
			defaultConfigurationName = Release;
		};
/* End XCConfigurationList section */
	};
	rootObject = D5644DDA1C68D26700DC9681 /* Project object */;
}
